
Microsoft Visual Studio Solution File, Format Version 12.00
# Visual Studio Version 17
VisualStudioVersion = 17.9.34728.123
MinimumVisualStudioVersion = 10.0.40219.1
Project("{9A19103F-16F7-4668-BE54-9A1E7A4F7556}") = "LogFilter", "LogFIlter\LogFilter.csproj", "{F6F5D9CF-FBCB-457C-8C52-CBEE9465D09D}"
EndProject
Project("{9A19103F-16F7-4668-BE54-9A1E7A4F7556}") = "GrayThemeUI", "GrayThemeUI\GrayThemeUI\GrayThemeUI.csproj", "{06CE93D4-77D9-4E5C-9345-BE233C92D429}"
EndProject
Project("{FAE04EC0-301F-11D3-BF4B-00C04F79EFBC}") = "LogFilter_UI", "LogFilter_UI\LogFilter_UI.csproj", "{F6A0374A-AA35-46C6-8E9C-E455B5150BB4}"
EndProject
Global
	GlobalSection(SolutionConfigurationPlatforms) = preSolution
		Debug|Any CPU = Debug|Any CPU
		Release|Any CPU = Release|Any CPU
	EndGlobalSection
	GlobalSection(ProjectConfigurationPlatforms) = postSolution
		{F6F5D9CF-FBCB-457C-8C52-CBEE9465D09D}.Debug|Any CPU.ActiveCfg = Debug|Any CPU
		{F6F5D9CF-FBCB-457C-8C52-CBEE9465D09D}.Debug|Any CPU.Build.0 = Debug|Any CPU
		{F6F5D9CF-FBCB-457C-8C52-CBEE9465D09D}.Release|Any CPU.ActiveCfg = Release|Any CPU
		{F6F5D9CF-FBCB-457C-8C52-CBEE9465D09D}.Release|Any CPU.Build.0 = Release|Any CPU
		{06CE93D4-77D9-4E5C-9345-BE233C92D429}.Debug|Any CPU.ActiveCfg = Debug|Any CPU
		{06CE93D4-77D9-4E5C-9345-BE233C92D429}.Debug|Any CPU.Build.0 = Debug|Any CPU
		{06CE93D4-77D9-4E5C-9345-BE233C92D429}.Release|Any CPU.ActiveCfg = Release|Any CPU
		{06CE93D4-77D9-4E5C-9345-BE233C92D429}.Release|Any CPU.Build.0 = Release|Any CPU
		{F6A0374A-AA35-46C6-8E9C-E455B5150BB4}.Debug|Any CPU.ActiveCfg = Debug|Any CPU
		{F6A0374A-AA35-46C6-8E9C-E455B5150BB4}.Debug|Any CPU.Build.0 = Debug|Any CPU
		{F6A0374A-AA35-46C6-8E9C-E455B5150BB4}.Release|Any CPU.ActiveCfg = Release|Any CPU
		{F6A0374A-AA35-46C6-8E9C-E455B5150BB4}.Release|Any CPU.Build.0 = Release|Any CPU
	EndGlobalSection
	GlobalSection(SolutionProperties) = preSolution
		HideSolutionNode = FALSE
	EndGlobalSection
	GlobalSection(ExtensibilityGlobals) = postSolution
		SolutionGuid = {BC4662D8-F506-4E3A-A4FA-9B87ACB6E15F}
	EndGlobalSection
EndGlobal
